%{
  "bunt": {:hex, :bunt, "0.2.0", "951c6e801e8b1d2cbe58ebbd3e616a869061ddadcc4863d0a2182541acae9a38", [:mix], [], "hexpm"},
  "credo": {:hex, :credo, "1.1.5", "caec7a3cadd2e58609d7ee25b3931b129e739e070539ad1a0cd7efeeb47014f4", [:mix], [{:bunt, "~> 0.2.0", [hex: :bunt, repo: "hexpm", optional: false]}, {:jason, "~> 1.0", [hex: :jason, repo: "hexpm", optional: false]}], "hexpm"},
  "jason": {:hex, :jason, "1.1.2", "b03dedea67a99223a2eaf9f1264ce37154564de899fd3d8b9a21b1a6fd64afe7", [:mix], [{:decimal, "~> 1.0", [hex: :decimal, repo: "hexpm", optional: true]}], "hexpm"},
  "saxy": {:hex, :saxy, "0.10.0", "38879f46a595862c22114792c71379355ecfcfa0f713b1cfcc59e1d4127f1f55", [:mix], [], "hexpm"},
}
